
Microsoft Visual Studio Solution File, Format Version 12.00
# Visual Studio Version 17
VisualStudioVersion = 17.2.32630.192
MinimumVisualStudioVersion = 10.0.40219.1
Project("{9A19103F-16F7-4668-BE54-9A1E7A4F7556}") = "Övning1", "Övning1\Övning1.csproj", "{308636DC-2EBA-4FF4-B298-D85531930D87}"
EndProject
Project("{9A19103F-16F7-4668-BE54-9A1E7A4F7556}") = "Övning2", "Övning2\Övning2.csproj", "{1EF7EE49-FEFF-4CA6-967E-6E6202A7D873}"
EndProject
Project("{FAE04EC0-301F-11D3-BF4B-00C04F79EFBC}") = "Övning3", "Övning3\Övning3.csproj", "{1D1052D1-2655-4C69-8462-A58228578929}"
EndProject
Global
	GlobalSection(SolutionConfigurationPlatforms) = preSolution
		Debug|Any CPU = Debug|Any CPU
		Release|Any CPU = Release|Any CPU
	EndGlobalSection
	GlobalSection(ProjectConfigurationPlatforms) = postSolution
		{308636DC-2EBA-4FF4-B298-D85531930D87}.Debug|Any CPU.ActiveCfg = Debug|Any CPU
		{308636DC-2EBA-4FF4-B298-D85531930D87}.Debug|Any CPU.Build.0 = Debug|Any CPU
		{308636DC-2EBA-4FF4-B298-D85531930D87}.Release|Any CPU.ActiveCfg = Release|Any CPU
		{308636DC-2EBA-4FF4-B298-D85531930D87}.Release|Any CPU.Build.0 = Release|Any CPU
		{1EF7EE49-FEFF-4CA6-967E-6E6202A7D873}.Debug|Any CPU.ActiveCfg = Debug|Any CPU
		{1EF7EE49-FEFF-4CA6-967E-6E6202A7D873}.Debug|Any CPU.Build.0 = Debug|Any CPU
		{1EF7EE49-FEFF-4CA6-967E-6E6202A7D873}.Release|Any CPU.ActiveCfg = Release|Any CPU
		{1EF7EE49-FEFF-4CA6-967E-6E6202A7D873}.Release|Any CPU.Build.0 = Release|Any CPU
		{1D1052D1-2655-4C69-8462-A58228578929}.Debug|Any CPU.ActiveCfg = Debug|Any CPU
		{1D1052D1-2655-4C69-8462-A58228578929}.Debug|Any CPU.Build.0 = Debug|Any CPU
		{1D1052D1-2655-4C69-8462-A58228578929}.Release|Any CPU.ActiveCfg = Release|Any CPU
		{1D1052D1-2655-4C69-8462-A58228578929}.Release|Any CPU.Build.0 = Release|Any CPU
	EndGlobalSection
	GlobalSection(SolutionProperties) = preSolution
		HideSolutionNode = FALSE
	EndGlobalSection
	GlobalSection(ExtensibilityGlobals) = postSolution
		SolutionGuid = {74E07F0C-291A-4224-93A7-2CB1C0E771A8}
	EndGlobalSection
EndGlobal
